
Microsoft Visual Studio Solution File, Format Version 11.00
# Visual Studio 2010
Project("{FAE04EC0-301F-11D3-BF4B-00C04F79EFBC}") = "VehicleBookingMain", "VehicleBookingMain\VehicleBookingMain.csproj", "{D7A034FD-BD4A-42C3-AC6B-2F8671A131C9}"
EndProject
Project("{FAE04EC0-301F-11D3-BF4B-00C04F79EFBC}") = "VehicleDataService", "VehicleDataService\VehicleDataService.csproj", "{5D98F29D-566E-4AD6-9EC8-465080E01D9B}"
EndProject
Project("{FAE04EC0-301F-11D3-BF4B-00C04F79EFBC}") = "VehicleBL", "VehicleBL\VehicleBL.csproj", "{DECA2206-22F0-4A92-B787-EB65BF9ED8F9}"
EndProject
Global
	GlobalSection(SolutionConfigurationPlatforms) = preSolution
		Debug|Any CPU = Debug|Any CPU
		Debug|Mixed Platforms = Debug|Mixed Platforms
		Debug|x86 = Debug|x86
		Release|Any CPU = Release|Any CPU
		Release|Mixed Platforms = Release|Mixed Platforms
		Release|x86 = Release|x86
	EndGlobalSection
	GlobalSection(ProjectConfigurationPlatforms) = postSolution
		{D7A034FD-BD4A-42C3-AC6B-2F8671A131C9}.Debug|Any CPU.ActiveCfg = Debug|x86
		{D7A034FD-BD4A-42C3-AC6B-2F8671A131C9}.Debug|Mixed Platforms.ActiveCfg = Debug|x86
		{D7A034FD-BD4A-42C3-AC6B-2F8671A131C9}.Debug|Mixed Platforms.Build.0 = Debug|x86
		{D7A034FD-BD4A-42C3-AC6B-2F8671A131C9}.Debug|x86.ActiveCfg = Debug|x86
		{D7A034FD-BD4A-42C3-AC6B-2F8671A131C9}.Debug|x86.Build.0 = Debug|x86
		{D7A034FD-BD4A-42C3-AC6B-2F8671A131C9}.Release|Any CPU.ActiveCfg = Release|x86
		{D7A034FD-BD4A-42C3-AC6B-2F8671A131C9}.Release|Mixed Platforms.ActiveCfg = Release|x86
		{D7A034FD-BD4A-42C3-AC6B-2F8671A131C9}.Release|Mixed Platforms.Build.0 = Release|x86
		{D7A034FD-BD4A-42C3-AC6B-2F8671A131C9}.Release|x86.ActiveCfg = Release|x86
		{D7A034FD-BD4A-42C3-AC6B-2F8671A131C9}.Release|x86.Build.0 = Release|x86
		{5D98F29D-566E-4AD6-9EC8-465080E01D9B}.Debug|Any CPU.ActiveCfg = Debug|Any CPU
		{5D98F29D-566E-4AD6-9EC8-465080E01D9B}.Debug|Any CPU.Build.0 = Debug|Any CPU
		{5D98F29D-566E-4AD6-9EC8-465080E01D9B}.Debug|Mixed Platforms.ActiveCfg = Debug|Any CPU
		{5D98F29D-566E-4AD6-9EC8-465080E01D9B}.Debug|Mixed Platforms.Build.0 = Debug|Any CPU
		{5D98F29D-566E-4AD6-9EC8-465080E01D9B}.Debug|x86.ActiveCfg = Debug|Any CPU
		{5D98F29D-566E-4AD6-9EC8-465080E01D9B}.Release|Any CPU.ActiveCfg = Release|Any CPU
		{5D98F29D-566E-4AD6-9EC8-465080E01D9B}.Release|Any CPU.Build.0 = Release|Any CPU
		{5D98F29D-566E-4AD6-9EC8-465080E01D9B}.Release|Mixed Platforms.ActiveCfg = Release|Any CPU
		{5D98F29D-566E-4AD6-9EC8-465080E01D9B}.Release|Mixed Platforms.Build.0 = Release|Any CPU
		{5D98F29D-566E-4AD6-9EC8-465080E01D9B}.Release|x86.ActiveCfg = Release|Any CPU
		{DECA2206-22F0-4A92-B787-EB65BF9ED8F9}.Debug|Any CPU.ActiveCfg = Debug|Any CPU
		{DECA2206-22F0-4A92-B787-EB65BF9ED8F9}.Debug|Any CPU.Build.0 = Debug|Any CPU
		{DECA2206-22F0-4A92-B787-EB65BF9ED8F9}.Debug|Mixed Platforms.ActiveCfg = Debug|Any CPU
		{DECA2206-22F0-4A92-B787-EB65BF9ED8F9}.Debug|Mixed Platforms.Build.0 = Debug|Any CPU
		{DECA2206-22F0-4A92-B787-EB65BF9ED8F9}.Debug|x86.ActiveCfg = Debug|Any CPU
		{DECA2206-22F0-4A92-B787-EB65BF9ED8F9}.Release|Any CPU.ActiveCfg = Release|Any CPU
		{DECA2206-22F0-4A92-B787-EB65BF9ED8F9}.Release|Any CPU.Build.0 = Release|Any CPU
		{DECA2206-22F0-4A92-B787-EB65BF9ED8F9}.Release|Mixed Platforms.ActiveCfg = Release|Any CPU
		{DECA2206-22F0-4A92-B787-EB65BF9ED8F9}.Release|Mixed Platforms.Build.0 = Release|Any CPU
		{DECA2206-22F0-4A92-B787-EB65BF9ED8F9}.Release|x86.ActiveCfg = Release|Any CPU
	EndGlobalSection
	GlobalSection(SolutionProperties) = preSolution
		HideSolutionNode = FALSE
	EndGlobalSection
EndGlobal
